{
  "requires": true,
  "lockfileVersion": 1,
  "dependencies": {
    "create-react-context": {
      "version": "0.1.6",
      "resolved": "https://registry.npmjs.org/create-react-context/-/create-react-context-0.1.6.tgz",
      "integrity": "sha512-eCnYYEUEc5i32LHwpE/W7NlddOB9oHwsPaWtWzYtflNkkwa3IfindIcoXdVWs12zCbwaMCavKNu84EXogVIWHw=="
    },
    "unstated": {
      "version": "2.1.1",
      "resolved": "https://registry.npmjs.org/unstated/-/unstated-2.1.1.tgz",
      "integrity": "sha512-fORlTWMZxq7NuMJDxyIrrYIZKN7wEWYQ9SiaJfIRcSpsowr6Ph/JIfK2tgtXLW614JfPG/t5q9eEIhXRCf55xg==",
      "requires": {
        "create-react-context": "^0.1.5"
      }
    }
  }
}
